{
    "name": "katex_wrapper",
    "version": "0.0.1",
    "lockfileVersion": 3,
    "requires": true,
    "packages": {
        "": {
            "name": "katex_wrapper",
            "version": "0.0.1",
            "license": "MIT",
            "dependencies": {
                "@jeroenbos/katex": "0.16.22-4"
            }
        },
        "node_modules/@jeroenbos/katex": {
            "version": "0.16.22-4",
            "resolved": "https://npm.pkg.github.com/download/@jeroenbos/katex/0.16.22-4/4a449867a0b4bf6480e656cf7f19428233e93fa6",
            "integrity": "sha512-6SQT1J4oR54KxsPWwbUdTAmMCzR88LK2OHO/etI8iVc1rhsai30EKCpuiz2DTGEIzHfBXp63k0MNvS9/fnxRCg==",
            "license": "MIT",
            "dependencies": {
                "commander": "^13.1.0"
            },
            "bin": {
                "katex": "cli.js"
            }
        },
        "node_modules/commander": {
            "version": "13.1.0",
            "resolved": "https://registry.npmjs.org/commander/-/commander-13.1.0.tgz",
            "integrity": "sha512-/rFeCpNJQbhSZjGVwO9RFV3xPqbnERS8MmIQzCtD/zl6gpJuV/bMLuN92oG3F7d8oDEHHRrujSXNUr8fpjntKw==",
            "license": "MIT",
            "engines": {
                "node": ">=18"
            }
        }
    }
}
