{
    "name": "katex_wrapper",
    "version": "0.0.1",
    "lockfileVersion": 3,
    "requires": true,
    "packages": {
        "": {
            "name": "katex_wrapper",
            "version": "0.0.1",
            "license": "MIT",
            "dependencies": {
                "@jeroenbos/katex": "0.16.22-2"
            }
        },
        "node_modules/@jeroenbos/katex": {
            "version": "0.16.22-2",
            "resolved": "https://npm.pkg.github.com/download/@jeroenbos/katex/0.16.22-2/ef70b4f1fa8ede649eb7c33ce451d9334fb83981",
            "integrity": "sha512-l8Ewexj9CLl0vM3dIZqrPX2QZTJXOKRvuw+adPR8e2BbGKzPS6BSu+gEHSj+p4Ts/w90QRE0Fn+Xbh0k+SDu3Q==",
            "license": "MIT",
            "dependencies": {
                "commander": "13.1.0"
            },
            "bin": {
                "katex": "cli.js"
            }
        },
        "node_modules/commander": {
            "version": "13.1.0",
            "resolved": "https://registry.npmjs.org/commander/-/commander-13.1.0.tgz",
            "integrity": "sha512-/rFeCpNJQbhSZjGVwO9RFV3xPqbnERS8MmIQzCtD/zl6gpJuV/bMLuN92oG3F7d8oDEHHRrujSXNUr8fpjntKw==",
            "license": "MIT",
            "engines": {
                "node": ">=18"
            }
        }
    }
}
